// !$*UTF8*$!
{
	archiveVersion = 1;
	classes = {
	};
	objectVersion = 46;
	objects = {

/* Begin PBXBuildFile section */
		3737760FCA784A178B59C651 /* libPods.a in Frameworks */ = {isa = PBXBuildFile; fileRef = 1F3FE34704F346F08644090F /* libPods.a */; };
		5C20A3F317030349009FB492 /* CocktailIngredients.xib in Resources */ = {isa = PBXBuildFile; fileRef = 5C20A3F217030349009FB492 /* CocktailIngredients.xib */; };
		5C20A3F51703035A009FB492 /* CocktailMethod.xib in Resources */ = {isa = PBXBuildFile; fileRef = 5C20A3F41703035A009FB492 /* CocktailMethod.xib */; };
		5C20A3F717030361009FB492 /* CocktailSimilar.xib in Resources */ = {isa = PBXBuildFile; fileRef = 5C20A3F617030361009FB492 /* CocktailSimilar.xib */; };
		5C20A3FA170303F8009FB492 /* CBCocktailIngredientsController.m in Sources */ = {isa = PBXBuildFile; fileRef = 5C20A3F9170303F8009FB492 /* CBCocktailIngredientsController.m */; };
		5C20A400170312A7009FB492 /* CBCocktailMethodController.m in Sources */ = {isa = PBXBuildFile; fileRef = 5C20A3FF170312A7009FB492 /* CBCocktailMethodController.m */; };
		5C20A403170312BA009FB492 /* CBCocktailSimilarController.m in Sources */ = {isa = PBXBuildFile; fileRef = 5C20A402170312BA009FB492 /* CBCocktailSimilarController.m */; };
		5C253D4C171B46EE00C0CE7A /* heart.png in Resources */ = {isa = PBXBuildFile; fileRef = 5C253D4A171B46EE00C0CE7A /* heart.png */; };
		5C253D4D171B46EE00C0CE7A /* heart@2x.png in Resources */ = {isa = PBXBuildFile; fileRef = 5C253D4B171B46EE00C0CE7A /* heart@2x.png */; };
		5C253D50171B4A2400C0CE7A /* heart-red.png in Resources */ = {isa = PBXBuildFile; fileRef = 5C253D4E171B4A2400C0CE7A /* heart-red.png */; };
		5C253D51171B4A2400C0CE7A /* heart-red@2x.png in Resources */ = {isa = PBXBuildFile; fileRef = 5C253D4F171B4A2400C0CE7A /* heart-red@2x.png */; };
		5C253D53171B57ED00C0CE7A /* QuartzCore.framework in Frameworks */ = {isa = PBXBuildFile; fileRef = 5C253D52171B57ED00C0CE7A /* QuartzCore.framework */; };
		5C4298C6171C55500096A07E /* CBAboutViewController.m in Sources */ = {isa = PBXBuildFile; fileRef = 5C4298C5171C55500096A07E /* CBAboutViewController.m */; };
		5C4298CA171C80050096A07E /* CBCocktailListViewController.m in Sources */ = {isa = PBXBuildFile; fileRef = 5C4298C8171C80050096A07E /* CBCocktailListViewController.m */; };
		5C4298CB171C80050096A07E /* CBCocktailListViewController.xib in Resources */ = {isa = PBXBuildFile; fileRef = 5C4298C9171C80050096A07E /* CBCocktailListViewController.xib */; };
		5C7C4664165D36600018FFEE /* cocktails.xml in Resources */ = {isa = PBXBuildFile; fileRef = 5C7C4663165D36600018FFEE /* cocktails.xml */; };
		5CC4D2C1171C8BC4004C5A3F /* CBLeftPanelViewController.m in Sources */ = {isa = PBXBuildFile; fileRef = 5CC4D2BF171C8BC4004C5A3F /* CBLeftPanelViewController.m */; };
		5CC4D2C2171C8BC4004C5A3F /* CBLeftPanelViewController.xib in Resources */ = {isa = PBXBuildFile; fileRef = 5CC4D2C0171C8BC4004C5A3F /* CBLeftPanelViewController.xib */; };
		5CC4D2C6171C938C004C5A3F /* CBAboutViewController.xib in Resources */ = {isa = PBXBuildFile; fileRef = 5CC4D2C5171C938C004C5A3F /* CBAboutViewController.xib */; };
		5CC4D2E5171C9A9C004C5A3F /* 10-dark-back-button.png in Resources */ = {isa = PBXBuildFile; fileRef = 5CC4D2CA171C9A9C004C5A3F /* 10-dark-back-button.png */; };
		5CC4D2E6171C9A9C004C5A3F /* 10-dark-back-button@2x.png in Resources */ = {isa = PBXBuildFile; fileRef = 5CC4D2CB171C9A9C004C5A3F /* 10-dark-back-button@2x.png */; };
		5CC4D2E7171C9A9C004C5A3F /* 10-dark-background.jpg in Resources */ = {isa = PBXBuildFile; fileRef = 5CC4D2CC171C9A9C004C5A3F /* 10-dark-background.jpg */; };
		5CC4D2E8171C9A9C004C5A3F /* 10-dark-background@2x.jpg in Resources */ = {isa = PBXBuildFile; fileRef = 5CC4D2CD171C9A9C004C5A3F /* 10-dark-background@2x.jpg */; };
		5CC4D2E9171C9A9C004C5A3F /* 10-dark-menu-bar.png in Resources */ = {isa = PBXBuildFile; fileRef = 5CC4D2CE171C9A9C004C5A3F /* 10-dark-menu-bar.png */; };
		5CC4D2EA171C9A9C004C5A3F /* 10-dark-menu-bar@2x.png in Resources */ = {isa = PBXBuildFile; fileRef = 5CC4D2CF171C9A9C004C5A3F /* 10-dark-menu-bar@2x.png */; };
		5CC4D2EB171C9A9C004C5A3F /* 10-dark-settings-button.png in Resources */ = {isa = PBXBuildFile; fileRef = 5CC4D2D0171C9A9C004C5A3F /* 10-dark-settings-button.png */; };
		5CC4D2EC171C9A9C004C5A3F /* 10-dark-settings-button@2x.png in Resources */ = {isa = PBXBuildFile; fileRef = 5CC4D2D1171C9A9C004C5A3F /* 10-dark-settings-button@2x.png */; };
		5CC4D2ED171C9A9C004C5A3F /* 10-light-back-button.png in Resources */ = {isa = PBXBuildFile; fileRef = 5CC4D2D3171C9A9C004C5A3F /* 10-light-back-button.png */; };
		5CC4D2EE171C9A9C004C5A3F /* 10-light-back-button@2x.png in Resources */ = {isa = PBXBuildFile; fileRef = 5CC4D2D4171C9A9C004C5A3F /* 10-light-back-button@2x.png */; };
		5CC4D2EF171C9A9C004C5A3F /* 10-light-background.jpg in Resources */ = {isa = PBXBuildFile; fileRef = 5CC4D2D5171C9A9C004C5A3F /* 10-light-background.jpg */; };
		5CC4D2F0171C9A9C004C5A3F /* 10-light-background@2x.jpg in Resources */ = {isa = PBXBuildFile; fileRef = 5CC4D2D6171C9A9C004C5A3F /* 10-light-background@2x.jpg */; };
		5CC4D2F1171C9A9C004C5A3F /* 10-light-menu-bar.png in Resources */ = {isa = PBXBuildFile; fileRef = 5CC4D2D7171C9A9C004C5A3F /* 10-light-menu-bar.png */; };
		5CC4D2F2171C9A9C004C5A3F /* 10-light-menu-bar@2x.png in Resources */ = {isa = PBXBuildFile; fileRef = 5CC4D2D8171C9A9C004C5A3F /* 10-light-menu-bar@2x.png */; };
		5CC4D2F3171C9A9C004C5A3F /* 10-light-settings-button.png in Resources */ = {isa = PBXBuildFile; fileRef = 5CC4D2D9171C9A9C004C5A3F /* 10-light-settings-button.png */; };
		5CC4D2F4171C9A9C004C5A3F /* 10-light-settings-button@2x.png in Resources */ = {isa = PBXBuildFile; fileRef = 5CC4D2DA171C9A9C004C5A3F /* 10-light-settings-button@2x.png */; };
		5CC4D2F5171C9A9C004C5A3F /* 10-medium-back-button.png in Resources */ = {isa = PBXBuildFile; fileRef = 5CC4D2DC171C9A9C004C5A3F /* 10-medium-back-button.png */; };
		5CC4D2F6171C9A9C004C5A3F /* 10-medium-back-button@2x.png in Resources */ = {isa = PBXBuildFile; fileRef = 5CC4D2DD171C9A9C004C5A3F /* 10-medium-back-button@2x.png */; };
		5CC4D2F7171C9A9C004C5A3F /* 10-medium-background.jpg in Resources */ = {isa = PBXBuildFile; fileRef = 5CC4D2DE171C9A9C004C5A3F /* 10-medium-background.jpg */; };
		5CC4D2F8171C9A9C004C5A3F /* 10-medium-background@2x.jpg in Resources */ = {isa = PBXBuildFile; fileRef = 5CC4D2DF171C9A9C004C5A3F /* 10-medium-background@2x.jpg */; };
		5CC4D2F9171C9A9C004C5A3F /* 10-medium-menu-bar.png in Resources */ = {isa = PBXBuildFile; fileRef = 5CC4D2E0171C9A9C004C5A3F /* 10-medium-menu-bar.png */; };
		5CC4D2FA171C9A9C004C5A3F /* 10-medium-menu-bar@2x.png in Resources */ = {isa = PBXBuildFile; fileRef = 5CC4D2E1171C9A9C004C5A3F /* 10-medium-menu-bar@2x.png */; };
		5CC4D2FB171C9A9C004C5A3F /* 10-medium-settings-button.png in Resources */ = {isa = PBXBuildFile; fileRef = 5CC4D2E2171C9A9C004C5A3F /* 10-medium-settings-button.png */; };
		5CC4D2FC171C9A9C004C5A3F /* 10-medium-settings-button@2x.png in Resources */ = {isa = PBXBuildFile; fileRef = 5CC4D2E3171C9A9C004C5A3F /* 10-medium-settings-button@2x.png */; };
		5CCC499E171C0BD700CC3A17 /* CBCategoryTableViewDataSource.m in Sources */ = {isa = PBXBuildFile; fileRef = 5CCC499D171C0BD700CC3A17 /* CBCategoryTableViewDataSource.m */; };
		5CCF09C1165B044A005035C5 /* UIKit.framework in Frameworks */ = {isa = PBXBuildFile; fileRef = 5CCF09C0165B044A005035C5 /* UIKit.framework */; };
		5CCF09C3165B044A005035C5 /* Foundation.framework in Frameworks */ = {isa = PBXBuildFile; fileRef = 5CCF09C2165B044A005035C5 /* Foundation.framework */; };
		5CCF09C5165B044A005035C5 /* CoreGraphics.framework in Frameworks */ = {isa = PBXBuildFile; fileRef = 5CCF09C4165B044A005035C5 /* CoreGraphics.framework */; };
		5CCF09CB165B044A005035C5 /* InfoPlist.strings in Resources */ = {isa = PBXBuildFile; fileRef = 5CCF09C9165B044A005035C5 /* InfoPlist.strings */; };
		5CCF09CD165B044A005035C5 /* main.m in Sources */ = {isa = PBXBuildFile; fileRef = 5CCF09CC165B044A005035C5 /* main.m */; };
		5CCF09D1165B044A005035C5 /* CocktailBookAppDelegate.m in Sources */ = {isa = PBXBuildFile; fileRef = 5CCF09D0165B044A005035C5 /* CocktailBookAppDelegate.m */; };
		5CCF09D3165B044A005035C5 /* Default.png in Resources */ = {isa = PBXBuildFile; fileRef = 5CCF09D2165B044A005035C5 /* Default.png */; };
		5CCF09D5165B044A005035C5 /* Default@2x.png in Resources */ = {isa = PBXBuildFile; fileRef = 5CCF09D4165B044A005035C5 /* Default@2x.png */; };
		5CCF09D7165B044A005035C5 /* Default-568h@2x.png in Resources */ = {isa = PBXBuildFile; fileRef = 5CCF09D6165B044A005035C5 /* Default-568h@2x.png */; };
		5CCF09DD165B044A005035C5 /* CocktailBookViewController.xib in Resources */ = {isa = PBXBuildFile; fileRef = 5CCF09DB165B044A005035C5 /* CocktailBookViewController.xib */; };
		5CCF0A00165B9B72005035C5 /* CBCocktailViewController.m in Sources */ = {isa = PBXBuildFile; fileRef = 5CCF09F9165B9B71005035C5 /* CBCocktailViewController.m */; };
		5CCF0A03165B9B72005035C5 /* CBCocktail.m in Sources */ = {isa = PBXBuildFile; fileRef = 5CCF09FE165B9B72005035C5 /* CBCocktail.m */; };
		5CF993F1171D92E20006361F /* Bernhard Modern.ttf in Resources */ = {isa = PBXBuildFile; fileRef = 5CF993F0171D92E20006361F /* Bernhard Modern.ttf */; };
		5CF993F3171DA6BB0006361F /* CBCocktailListTableViewCell.xib in Resources */ = {isa = PBXBuildFile; fileRef = 5CF993F2171DA6BB0006361F /* CBCocktailListTableViewCell.xib */; };
		5CF993F6171DAAD90006361F /* CBCocktailListCell.m in Sources */ = {isa = PBXBuildFile; fileRef = 5CF993F5171DAAD90006361F /* CBCocktailListCell.m */; };
		5CF99408171DCB2F0006361F /* white-menu-bar.png in Resources */ = {isa = PBXBuildFile; fileRef = 5CF99406171DCB2F0006361F /* white-menu-bar.png */; };
		5CF99409171DCB2F0006361F /* white-menu-bar@2x.png in Resources */ = {isa = PBXBuildFile; fileRef = 5CF99407171DCB2F0006361F /* white-menu-bar@2x.png */; };
		5CF9940B171DCEFD0006361F /* blank.png in Resources */ = {isa = PBXBuildFile; fileRef = 5CF9940A171DCEFD0006361F /* blank.png */; };
		5CF9940E171DCF6F0006361F /* gear.png in Resources */ = {isa = PBXBuildFile; fileRef = 5CF9940C171DCF6F0006361F /* gear.png */; };
		5CF9940F171DCF6F0006361F /* gear@2x.png in Resources */ = {isa = PBXBuildFile; fileRef = 5CF9940D171DCF6F0006361F /* gear@2x.png */; };
		5CF99412171DD13E0006361F /* martini.png in Resources */ = {isa = PBXBuildFile; fileRef = 5CF99410171DD13E0006361F /* martini.png */; };
		5CF99413171DD13E0006361F /* martini@2x.png in Resources */ = {isa = PBXBuildFile; fileRef = 5CF99411171DD13E0006361F /* martini@2x.png */; };
		5CF99417171DD86A0006361F /* glyph.png in Resources */ = {isa = PBXBuildFile; fileRef = 5CF99414171DD86A0006361F /* glyph.png */; };
		5CF9941C171DD8BB0006361F /* arrow-west.png in Resources */ = {isa = PBXBuildFile; fileRef = 5CF9941A171DD8BB0006361F /* arrow-west.png */; };
		5CF9941D171DD8BB0006361F /* arrow-west@2x.png in Resources */ = {isa = PBXBuildFile; fileRef = 5CF9941B171DD8BB0006361F /* arrow-west@2x.png */; };
/* End PBXBuildFile section */

/* Begin PBXFileReference section */
		1D149F19CEA840E9BFDAD4C6 /* Pods.xcconfig */ = {isa = PBXFileReference; includeInIndex = 1; lastKnownFileType = text.xcconfig; name = Pods.xcconfig; path = Pods/Pods.xcconfig; sourceTree = SOURCE_ROOT; };
		1F3FE34704F346F08644090F /* libPods.a */ = {isa = PBXFileReference; explicitFileType = archive.ar; includeInIndex = 0; path = libPods.a; sourceTree = BUILT_PRODUCTS_DIR; };
		5C20A3F217030349009FB492 /* CocktailIngredients.xib */ = {isa = PBXFileReference; fileEncoding = 4; lastKnownFileType = file.xib; path = CocktailIngredients.xib; sourceTree = "<group>"; };
		5C20A3F41703035A009FB492 /* CocktailMethod.xib */ = {isa = PBXFileReference; fileEncoding = 4; lastKnownFileType = file.xib; path = CocktailMethod.xib; sourceTree = "<group>"; };
		5C20A3F617030361009FB492 /* CocktailSimilar.xib */ = {isa = PBXFileReference; fileEncoding = 4; lastKnownFileType = file.xib; path = CocktailSimilar.xib; sourceTree = "<group>"; };
		5C20A3F8170303F8009FB492 /* CBCocktailIngredientsController.h */ = {isa = PBXFileReference; fileEncoding = 4; lastKnownFileType = sourcecode.c.h; path = CBCocktailIngredientsController.h; sourceTree = "<group>"; };
		5C20A3F9170303F8009FB492 /* CBCocktailIngredientsController.m */ = {isa = PBXFileReference; fileEncoding = 4; lastKnownFileType = sourcecode.c.objc; path = CBCocktailIngredientsController.m; sourceTree = "<group>"; };
		5C20A3FE170312A7009FB492 /* CBCocktailMethodController.h */ = {isa = PBXFileReference; fileEncoding = 4; lastKnownFileType = sourcecode.c.h; path = CBCocktailMethodController.h; sourceTree = "<group>"; };
		5C20A3FF170312A7009FB492 /* CBCocktailMethodController.m */ = {isa = PBXFileReference; fileEncoding = 4; lastKnownFileType = sourcecode.c.objc; path = CBCocktailMethodController.m; sourceTree = "<group>"; };
		5C20A401170312BA009FB492 /* CBCocktailSimilarController.h */ = {isa = PBXFileReference; fileEncoding = 4; lastKnownFileType = sourcecode.c.h; path = CBCocktailSimilarController.h; sourceTree = "<group>"; };
		5C20A402170312BA009FB492 /* CBCocktailSimilarController.m */ = {isa = PBXFileReference; fileEncoding = 4; lastKnownFileType = sourcecode.c.objc; path = CBCocktailSimilarController.m; sourceTree = "<group>"; };
		5C253D4A171B46EE00C0CE7A /* heart.png */ = {isa = PBXFileReference; lastKnownFileType = image.png; path = heart.png; sourceTree = "<group>"; };
		5C253D4B171B46EE00C0CE7A /* heart@2x.png */ = {isa = PBXFileReference; lastKnownFileType = image.png; path = "heart@2x.png"; sourceTree = "<group>"; };
		5C253D4E171B4A2400C0CE7A /* heart-red.png */ = {isa = PBXFileReference; lastKnownFileType = image.png; path = "heart-red.png"; sourceTree = "<group>"; };
		5C253D4F171B4A2400C0CE7A /* heart-red@2x.png */ = {isa = PBXFileReference; lastKnownFileType = image.png; path = "heart-red@2x.png"; sourceTree = "<group>"; };
		5C253D52171B57ED00C0CE7A /* QuartzCore.framework */ = {isa = PBXFileReference; lastKnownFileType = wrapper.framework; name = QuartzCore.framework; path = System/Library/Frameworks/QuartzCore.framework; sourceTree = SDKROOT; };
		5C4298C4171C55500096A07E /* CBAboutViewController.h */ = {isa = PBXFileReference; fileEncoding = 4; lastKnownFileType = sourcecode.c.h; path = CBAboutViewController.h; sourceTree = "<group>"; };
		5C4298C5171C55500096A07E /* CBAboutViewController.m */ = {isa = PBXFileReference; fileEncoding = 4; lastKnownFileType = sourcecode.c.objc; path = CBAboutViewController.m; sourceTree = "<group>"; };
		5C4298C7171C80050096A07E /* CBCocktailListViewController.h */ = {isa = PBXFileReference; fileEncoding = 4; lastKnownFileType = sourcecode.c.h; path = CBCocktailListViewController.h; sourceTree = "<group>"; };
		5C4298C8171C80050096A07E /* CBCocktailListViewController.m */ = {isa = PBXFileReference; fileEncoding = 4; lastKnownFileType = sourcecode.c.objc; path = CBCocktailListViewController.m; sourceTree = "<group>"; };
		5C4298C9171C80050096A07E /* CBCocktailListViewController.xib */ = {isa = PBXFileReference; fileEncoding = 4; lastKnownFileType = file.xib; path = CBCocktailListViewController.xib; sourceTree = "<group>"; };
		5C7C4663165D36600018FFEE /* cocktails.xml */ = {isa = PBXFileReference; fileEncoding = 4; lastKnownFileType = text.xml; path = cocktails.xml; sourceTree = "<group>"; };
		5CC4D2BE171C8BC4004C5A3F /* CBLeftPanelViewController.h */ = {isa = PBXFileReference; fileEncoding = 4; lastKnownFileType = sourcecode.c.h; path = CBLeftPanelViewController.h; sourceTree = "<group>"; };
		5CC4D2BF171C8BC4004C5A3F /* CBLeftPanelViewController.m */ = {isa = PBXFileReference; fileEncoding = 4; lastKnownFileType = sourcecode.c.objc; path = CBLeftPanelViewController.m; sourceTree = "<group>"; };
		5CC4D2C0171C8BC4004C5A3F /* CBLeftPanelViewController.xib */ = {isa = PBXFileReference; fileEncoding = 4; lastKnownFileType = file.xib; path = CBLeftPanelViewController.xib; sourceTree = "<group>"; };
		5CC4D2C5171C938C004C5A3F /* CBAboutViewController.xib */ = {isa = PBXFileReference; fileEncoding = 4; lastKnownFileType = file.xib; path = CBAboutViewController.xib; sourceTree = "<group>"; };
		5CC4D2CA171C9A9C004C5A3F /* 10-dark-back-button.png */ = {isa = PBXFileReference; lastKnownFileType = image.png; path = "10-dark-back-button.png"; sourceTree = "<group>"; };
		5CC4D2CB171C9A9C004C5A3F /* 10-dark-back-button@2x.png */ = {isa = PBXFileReference; lastKnownFileType = image.png; path = "10-dark-back-button@2x.png"; sourceTree = "<group>"; };
		5CC4D2CC171C9A9C004C5A3F /* 10-dark-background.jpg */ = {isa = PBXFileReference; lastKnownFileType = image.jpeg; path = "10-dark-background.jpg"; sourceTree = "<group>"; };
		5CC4D2CD171C9A9C004C5A3F /* 10-dark-background@2x.jpg */ = {isa = PBXFileReference; lastKnownFileType = image.jpeg; path = "10-dark-background@2x.jpg"; sourceTree = "<group>"; };
		5CC4D2CE171C9A9C004C5A3F /* 10-dark-menu-bar.png */ = {isa = PBXFileReference; lastKnownFileType = image.png; path = "10-dark-menu-bar.png"; sourceTree = "<group>"; };
		5CC4D2CF171C9A9C004C5A3F /* 10-dark-menu-bar@2x.png */ = {isa = PBXFileReference; lastKnownFileType = image.png; path = "10-dark-menu-bar@2x.png"; sourceTree = "<group>"; };
		5CC4D2D0171C9A9C004C5A3F /* 10-dark-settings-button.png */ = {isa = PBXFileReference; lastKnownFileType = image.png; path = "10-dark-settings-button.png"; sourceTree = "<group>"; };
		5CC4D2D1171C9A9C004C5A3F /* 10-dark-settings-button@2x.png */ = {isa = PBXFileReference; lastKnownFileType = image.png; path = "10-dark-settings-button@2x.png"; sourceTree = "<group>"; };
		5CC4D2D3171C9A9C004C5A3F /* 10-light-back-button.png */ = {isa = PBXFileReference; lastKnownFileType = image.png; path = "10-light-back-button.png"; sourceTree = "<group>"; };
		5CC4D2D4171C9A9C004C5A3F /* 10-light-back-button@2x.png */ = {isa = PBXFileReference; lastKnownFileType = image.png; path = "10-light-back-button@2x.png"; sourceTree = "<group>"; };
		5CC4D2D5171C9A9C004C5A3F /* 10-light-background.jpg */ = {isa = PBXFileReference; lastKnownFileType = image.jpeg; path = "10-light-background.jpg"; sourceTree = "<group>"; };
		5CC4D2D6171C9A9C004C5A3F /* 10-light-background@2x.jpg */ = {isa = PBXFileReference; lastKnownFileType = image.jpeg; path = "10-light-background@2x.jpg"; sourceTree = "<group>"; };
		5CC4D2D7171C9A9C004C5A3F /* 10-light-menu-bar.png */ = {isa = PBXFileReference; lastKnownFileType = image.png; path = "10-light-menu-bar.png"; sourceTree = "<group>"; };
		5CC4D2D8171C9A9C004C5A3F /* 10-light-menu-bar@2x.png */ = {isa = PBXFileReference; lastKnownFileType = image.png; path = "10-light-menu-bar@2x.png"; sourceTree = "<group>"; };
		5CC4D2D9171C9A9C004C5A3F /* 10-light-settings-button.png */ = {isa = PBXFileReference; lastKnownFileType = image.png; path = "10-light-settings-button.png"; sourceTree = "<group>"; };
		5CC4D2DA171C9A9C004C5A3F /* 10-light-settings-button@2x.png */ = {isa = PBXFileReference; lastKnownFileType = image.png; path = "10-light-settings-button@2x.png"; sourceTree = "<group>"; };
		5CC4D2DC171C9A9C004C5A3F /* 10-medium-back-button.png */ = {isa = PBXFileReference; lastKnownFileType = image.png; path = "10-medium-back-button.png"; sourceTree = "<group>"; };
		5CC4D2DD171C9A9C004C5A3F /* 10-medium-back-button@2x.png */ = {isa = PBXFileReference; lastKnownFileType = image.png; path = "10-medium-back-button@2x.png"; sourceTree = "<group>"; };
		5CC4D2DE171C9A9C004C5A3F /* 10-medium-background.jpg */ = {isa = PBXFileReference; lastKnownFileType = image.jpeg; path = "10-medium-background.jpg"; sourceTree = "<group>"; };
		5CC4D2DF171C9A9C004C5A3F /* 10-medium-background@2x.jpg */ = {isa = PBXFileReference; lastKnownFileType = image.jpeg; path = "10-medium-background@2x.jpg"; sourceTree = "<group>"; };
		5CC4D2E0171C9A9C004C5A3F /* 10-medium-menu-bar.png */ = {isa = PBXFileReference; lastKnownFileType = image.png; path = "10-medium-menu-bar.png"; sourceTree = "<group>"; };
		5CC4D2E1171C9A9C004C5A3F /* 10-medium-menu-bar@2x.png */ = {isa = PBXFileReference; lastKnownFileType = image.png; path = "10-medium-menu-bar@2x.png"; sourceTree = "<group>"; };
		5CC4D2E2171C9A9C004C5A3F /* 10-medium-settings-button.png */ = {isa = PBXFileReference; lastKnownFileType = image.png; path = "10-medium-settings-button.png"; sourceTree = "<group>"; };
		5CC4D2E3171C9A9C004C5A3F /* 10-medium-settings-button@2x.png */ = {isa = PBXFileReference; lastKnownFileType = image.png; path = "10-medium-settings-button@2x.png"; sourceTree = "<group>"; };
		5CCC499C171C0BD700CC3A17 /* CBCategoryTableViewDataSource.h */ = {isa = PBXFileReference; fileEncoding = 4; lastKnownFileType = sourcecode.c.h; path = CBCategoryTableViewDataSource.h; sourceTree = "<group>"; };
		5CCC499D171C0BD700CC3A17 /* CBCategoryTableViewDataSource.m */ = {isa = PBXFileReference; fileEncoding = 4; lastKnownFileType = sourcecode.c.objc; path = CBCategoryTableViewDataSource.m; sourceTree = "<group>"; };
		5CCF09BC165B044A005035C5 /* Cocktail Book.app */ = {isa = PBXFileReference; explicitFileType = wrapper.application; includeInIndex = 0; path = "Cocktail Book.app"; sourceTree = BUILT_PRODUCTS_DIR; };
		5CCF09C0165B044A005035C5 /* UIKit.framework */ = {isa = PBXFileReference; lastKnownFileType = wrapper.framework; name = UIKit.framework; path = System/Library/Frameworks/UIKit.framework; sourceTree = SDKROOT; };
		5CCF09C2165B044A005035C5 /* Foundation.framework */ = {isa = PBXFileReference; lastKnownFileType = wrapper.framework; name = Foundation.framework; path = System/Library/Frameworks/Foundation.framework; sourceTree = SDKROOT; };
		5CCF09C4165B044A005035C5 /* CoreGraphics.framework */ = {isa = PBXFileReference; lastKnownFileType = wrapper.framework; name = CoreGraphics.framework; path = System/Library/Frameworks/CoreGraphics.framework; sourceTree = SDKROOT; };
		5CCF09C8165B044A005035C5 /* Cocktail Book-Info.plist */ = {isa = PBXFileReference; lastKnownFileType = text.plist.xml; path = "Cocktail Book-Info.plist"; sourceTree = "<group>"; };
		5CCF09CA165B044A005035C5 /* en */ = {isa = PBXFileReference; lastKnownFileType = text.plist.strings; name = en; path = en.lproj/InfoPlist.strings; sourceTree = "<group>"; };
		5CCF09CC165B044A005035C5 /* main.m */ = {isa = PBXFileReference; lastKnownFileType = sourcecode.c.objc; path = main.m; sourceTree = "<group>"; };
		5CCF09CE165B044A005035C5 /* Cocktail Book-Prefix.pch */ = {isa = PBXFileReference; lastKnownFileType = sourcecode.c.h; path = "Cocktail Book-Prefix.pch"; sourceTree = "<group>"; };
		5CCF09CF165B044A005035C5 /* CocktailBookAppDelegate.h */ = {isa = PBXFileReference; lastKnownFileType = sourcecode.c.h; path = CocktailBookAppDelegate.h; sourceTree = "<group>"; };
		5CCF09D0165B044A005035C5 /* CocktailBookAppDelegate.m */ = {isa = PBXFileReference; lastKnownFileType = sourcecode.c.objc; path = CocktailBookAppDelegate.m; sourceTree = "<group>"; };
		5CCF09D2165B044A005035C5 /* Default.png */ = {isa = PBXFileReference; lastKnownFileType = image.png; path = Default.png; sourceTree = "<group>"; };
		5CCF09D4165B044A005035C5 /* Default@2x.png */ = {isa = PBXFileReference; lastKnownFileType = image.png; path = "Default@2x.png"; sourceTree = "<group>"; };
		5CCF09D6165B044A005035C5 /* Default-568h@2x.png */ = {isa = PBXFileReference; lastKnownFileType = image.png; path = "Default-568h@2x.png"; sourceTree = "<group>"; };
		5CCF09DC165B044A005035C5 /* en */ = {isa = PBXFileReference; lastKnownFileType = file.xib; name = en; path = en.lproj/CocktailBookViewController.xib; sourceTree = "<group>"; };
		5CCF09F8165B9B71005035C5 /* CBCocktailViewController.h */ = {isa = PBXFileReference; fileEncoding = 4; lastKnownFileType = sourcecode.c.h; path = CBCocktailViewController.h; sourceTree = "<group>"; };
		5CCF09F9165B9B71005035C5 /* CBCocktailViewController.m */ = {isa = PBXFileReference; fileEncoding = 4; lastKnownFileType = sourcecode.c.objc; path = CBCocktailViewController.m; sourceTree = "<group>"; };
		5CCF09FD165B9B72005035C5 /* CBCocktail.h */ = {isa = PBXFileReference; fileEncoding = 4; lastKnownFileType = sourcecode.c.h; path = CBCocktail.h; sourceTree = "<group>"; };
		5CCF09FE165B9B72005035C5 /* CBCocktail.m */ = {isa = PBXFileReference; fileEncoding = 4; lastKnownFileType = sourcecode.c.objc; path = CBCocktail.m; sourceTree = "<group>"; };
		5CF993F0171D92E20006361F /* Bernhard Modern.ttf */ = {isa = PBXFileReference; lastKnownFileType = file; path = "Bernhard Modern.ttf"; sourceTree = "<group>"; };
		5CF993F2171DA6BB0006361F /* CBCocktailListTableViewCell.xib */ = {isa = PBXFileReference; fileEncoding = 4; lastKnownFileType = file.xib; path = CBCocktailListTableViewCell.xib; sourceTree = "<group>"; };
		5CF993F4171DAAD90006361F /* CBCocktailListCell.h */ = {isa = PBXFileReference; fileEncoding = 4; lastKnownFileType = sourcecode.c.h; path = CBCocktailListCell.h; sourceTree = "<group>"; };
		5CF993F5171DAAD90006361F /* CBCocktailListCell.m */ = {isa = PBXFileReference; fileEncoding = 4; lastKnownFileType = sourcecode.c.objc; path = CBCocktailListCell.m; sourceTree = "<group>"; };
		5CF99406171DCB2F0006361F /* white-menu-bar.png */ = {isa = PBXFileReference; lastKnownFileType = image.png; path = "white-menu-bar.png"; sourceTree = "<group>"; };
		5CF99407171DCB2F0006361F /* white-menu-bar@2x.png */ = {isa = PBXFileReference; lastKnownFileType = image.png; path = "white-menu-bar@2x.png"; sourceTree = "<group>"; };
		5CF9940A171DCEFD0006361F /* blank.png */ = {isa = PBXFileReference; lastKnownFileType = image.png; path = blank.png; sourceTree = "<group>"; };
		5CF9940C171DCF6F0006361F /* gear.png */ = {isa = PBXFileReference; lastKnownFileType = image.png; path = gear.png; sourceTree = "<group>"; };
		5CF9940D171DCF6F0006361F /* gear@2x.png */ = {isa = PBXFileReference; lastKnownFileType = image.png; path = "gear@2x.png"; sourceTree = "<group>"; };
		5CF99410171DD13E0006361F /* martini.png */ = {isa = PBXFileReference; lastKnownFileType = image.png; path = martini.png; sourceTree = "<group>"; };
		5CF99411171DD13E0006361F /* martini@2x.png */ = {isa = PBXFileReference; lastKnownFileType = image.png; path = "martini@2x.png"; sourceTree = "<group>"; };
		5CF99414171DD86A0006361F /* glyph.png */ = {isa = PBXFileReference; lastKnownFileType = image.png; path = glyph.png; sourceTree = "<group>"; };
		5CF9941A171DD8BB0006361F /* arrow-west.png */ = {isa = PBXFileReference; lastKnownFileType = image.png; path = "arrow-west.png"; sourceTree = "<group>"; };
		5CF9941B171DD8BB0006361F /* arrow-west@2x.png */ = {isa = PBXFileReference; lastKnownFileType = image.png; path = "arrow-west@2x.png"; sourceTree = "<group>"; };
/* End PBXFileReference section */

/* Begin PBXFrameworksBuildPhase section */
		5CCF09B9165B044A005035C5 /* Frameworks */ = {
			isa = PBXFrameworksBuildPhase;
			buildActionMask = 2147483647;
			files = (
				5C253D53171B57ED00C0CE7A /* QuartzCore.framework in Frameworks */,
				5CCF09C1165B044A005035C5 /* UIKit.framework in Frameworks */,
				5CCF09C3165B044A005035C5 /* Foundation.framework in Frameworks */,
				5CCF09C5165B044A005035C5 /* CoreGraphics.framework in Frameworks */,
				3737760FCA784A178B59C651 /* libPods.a in Frameworks */,
			);
			runOnlyForDeploymentPostprocessing = 0;
		};
/* End PBXFrameworksBuildPhase section */

/* Begin PBXGroup section */
		5C20A3EA17020500009FB492 /* Interface */ = {
			isa = PBXGroup;
			children = (
				5CCF09DB165B044A005035C5 /* CocktailBookViewController.xib */,
				5C4298C9171C80050096A07E /* CBCocktailListViewController.xib */,
				5C20A3F217030349009FB492 /* CocktailIngredients.xib */,
				5C20A3F41703035A009FB492 /* CocktailMethod.xib */,
				5C20A3F617030361009FB492 /* CocktailSimilar.xib */,
				5CC4D2C0171C8BC4004C5A3F /* CBLeftPanelViewController.xib */,
				5CC4D2C5171C938C004C5A3F /* CBAboutViewController.xib */,
				5CF993F2171DA6BB0006361F /* CBCocktailListTableViewCell.xib */,
			);
			name = Interface;
			sourceTree = "<group>";
		};
		5C20A3FB1703044F009FB492 /* Cocktail View Controllers */ = {
			isa = PBXGroup;
			children = (
				5C20A3F8170303F8009FB492 /* CBCocktailIngredientsController.h */,
				5C20A3F9170303F8009FB492 /* CBCocktailIngredientsController.m */,
				5C20A3FE170312A7009FB492 /* CBCocktailMethodController.h */,
				5C20A3FF170312A7009FB492 /* CBCocktailMethodController.m */,
				5C20A401170312BA009FB492 /* CBCocktailSimilarController.h */,
				5C20A402170312BA009FB492 /* CBCocktailSimilarController.m */,
			);
			name = "Cocktail View Controllers";
			sourceTree = "<group>";
		};
		5C6A61A8166107BC00A6DCFC /* UIImages */ = {
			isa = PBXGroup;
			children = (
				5CC4D2E4171C9A9C004C5A3F /* Font */,
				5CC4D2C7171C9A9C004C5A3F /* sloane */,
				5CF99401171DCAA50006361F /* white */,
				5C253D4E171B4A2400C0CE7A /* heart-red.png */,
				5C253D4F171B4A2400C0CE7A /* heart-red@2x.png */,
				5C253D4A171B46EE00C0CE7A /* heart.png */,
				5C253D4B171B46EE00C0CE7A /* heart@2x.png */,
			);
			name = UIImages;
			sourceTree = "<group>";
		};
		5CC4D2C7171C9A9C004C5A3F /* sloane */ = {
			isa = PBXGroup;
			children = (
				5CC4D2C8171C9A9C004C5A3F /* Assets */,
			);
			path = sloane;
			sourceTree = "<group>";
		};
		5CC4D2C8171C9A9C004C5A3F /* Assets */ = {
			isa = PBXGroup;
			children = (
				5CC4D2C9171C9A9C004C5A3F /* Dark */,
				5CC4D2D2171C9A9C004C5A3F /* Light */,
				5CC4D2DB171C9A9C004C5A3F /* Medium */,
			);
			path = Assets;
			sourceTree = "<group>";
		};
		5CC4D2C9171C9A9C004C5A3F /* Dark */ = {
			isa = PBXGroup;
			children = (
				5CC4D2CA171C9A9C004C5A3F /* 10-dark-back-button.png */,
				5CC4D2CB171C9A9C004C5A3F /* 10-dark-back-button@2x.png */,
				5CC4D2CC171C9A9C004C5A3F /* 10-dark-background.jpg */,
				5CC4D2CD171C9A9C004C5A3F /* 10-dark-background@2x.jpg */,
				5CC4D2CE171C9A9C004C5A3F /* 10-dark-menu-bar.png */,
				5CC4D2CF171C9A9C004C5A3F /* 10-dark-menu-bar@2x.png */,
				5CC4D2D0171C9A9C004C5A3F /* 10-dark-settings-button.png */,
				5CC4D2D1171C9A9C004C5A3F /* 10-dark-settings-button@2x.png */,
			);
			path = Dark;
			sourceTree = "<group>";
		};
		5CC4D2D2171C9A9C004C5A3F /* Light */ = {
			isa = PBXGroup;
			children = (
				5CC4D2D3171C9A9C004C5A3F /* 10-light-back-button.png */,
				5CC4D2D4171C9A9C004C5A3F /* 10-light-back-button@2x.png */,
				5CC4D2D5171C9A9C004C5A3F /* 10-light-background.jpg */,
				5CC4D2D6171C9A9C004C5A3F /* 10-light-background@2x.jpg */,
				5CC4D2D7171C9A9C004C5A3F /* 10-light-menu-bar.png */,
				5CC4D2D8171C9A9C004C5A3F /* 10-light-menu-bar@2x.png */,
				5CC4D2D9171C9A9C004C5A3F /* 10-light-settings-button.png */,
				5CC4D2DA171C9A9C004C5A3F /* 10-light-settings-button@2x.png */,
			);
			path = Light;
			sourceTree = "<group>";
		};
		5CC4D2DB171C9A9C004C5A3F /* Medium */ = {
			isa = PBXGroup;
			children = (
				5CC4D2DC171C9A9C004C5A3F /* 10-medium-back-button.png */,
				5CC4D2DD171C9A9C004C5A3F /* 10-medium-back-button@2x.png */,
				5CC4D2DE171C9A9C004C5A3F /* 10-medium-background.jpg */,
				5CC4D2DF171C9A9C004C5A3F /* 10-medium-background@2x.jpg */,
				5CC4D2E0171C9A9C004C5A3F /* 10-medium-menu-bar.png */,
				5CC4D2E1171C9A9C004C5A3F /* 10-medium-menu-bar@2x.png */,
				5CC4D2E2171C9A9C004C5A3F /* 10-medium-settings-button.png */,
				5CC4D2E3171C9A9C004C5A3F /* 10-medium-settings-button@2x.png */,
			);
			path = Medium;
			sourceTree = "<group>";
		};
		5CC4D2E4171C9A9C004C5A3F /* Font */ = {
			isa = PBXGroup;
			children = (
				5CF993F0171D92E20006361F /* Bernhard Modern.ttf */,
			);
			name = Font;
			path = sloane/Font;
			sourceTree = "<group>";
		};
		5CCF09B1165B044A005035C5 = {
			isa = PBXGroup;
			children = (
				5C253D52171B57ED00C0CE7A /* QuartzCore.framework */,
				5CCF09C6165B044A005035C5 /* Cocktail Book */,
				5CCF09BF165B044A005035C5 /* Frameworks */,
				5CCF09BD165B044A005035C5 /* Products */,
				1D149F19CEA840E9BFDAD4C6 /* Pods.xcconfig */,
			);
			sourceTree = "<group>";
		};
		5CCF09BD165B044A005035C5 /* Products */ = {
			isa = PBXGroup;
			children = (
				5CCF09BC165B044A005035C5 /* Cocktail Book.app */,
			);
			name = Products;
			sourceTree = "<group>";
		};
		5CCF09BF165B044A005035C5 /* Frameworks */ = {
			isa = PBXGroup;
			children = (
				5CCF09C0165B044A005035C5 /* UIKit.framework */,
				5CCF09C2165B044A005035C5 /* Foundation.framework */,
				5CCF09C4165B044A005035C5 /* CoreGraphics.framework */,
				1F3FE34704F346F08644090F /* libPods.a */,
			);
			name = Frameworks;
			sourceTree = "<group>";
		};
		5CCF09C6165B044A005035C5 /* Cocktail Book */ = {
			isa = PBXGroup;
			children = (
				5C20A3EA17020500009FB492 /* Interface */,
				5CCF09CF165B044A005035C5 /* CocktailBookAppDelegate.h */,
				5CCF09D0165B044A005035C5 /* CocktailBookAppDelegate.m */,
				5CCF09FD165B9B72005035C5 /* CBCocktail.h */,
				5CCF09FE165B9B72005035C5 /* CBCocktail.m */,
				5C4298C7171C80050096A07E /* CBCocktailListViewController.h */,
				5C4298C8171C80050096A07E /* CBCocktailListViewController.m */,
				5CCF09F8165B9B71005035C5 /* CBCocktailViewController.h */,
				5CCF09F9165B9B71005035C5 /* CBCocktailViewController.m */,
				5C20A3FB1703044F009FB492 /* Cocktail View Controllers */,
				5CCC499C171C0BD700CC3A17 /* CBCategoryTableViewDataSource.h */,
				5CCC499D171C0BD700CC3A17 /* CBCategoryTableViewDataSource.m */,
				5CF993F4171DAAD90006361F /* CBCocktailListCell.h */,
				5CF993F5171DAAD90006361F /* CBCocktailListCell.m */,
				5CC4D2BE171C8BC4004C5A3F /* CBLeftPanelViewController.h */,
				5CC4D2BF171C8BC4004C5A3F /* CBLeftPanelViewController.m */,
				5C4298C4171C55500096A07E /* CBAboutViewController.h */,
				5C4298C5171C55500096A07E /* CBAboutViewController.m */,
				5C6A61A8166107BC00A6DCFC /* UIImages */,
				5CCF09C7165B044A005035C5 /* Supporting Files */,
			);
			path = "Cocktail Book";
			sourceTree = "<group>";
		};
		5CCF09C7165B044A005035C5 /* Supporting Files */ = {
			isa = PBXGroup;
			children = (
				5C7C4663165D36600018FFEE /* cocktails.xml */,
				5CCF09C8165B044A005035C5 /* Cocktail Book-Info.plist */,
				5CCF09C9165B044A005035C5 /* InfoPlist.strings */,
				5CCF09CC165B044A005035C5 /* main.m */,
				5CCF09CE165B044A005035C5 /* Cocktail Book-Prefix.pch */,
				5CCF09D2165B044A005035C5 /* Default.png */,
				5CCF09D4165B044A005035C5 /* Default@2x.png */,
				5CCF09D6165B044A005035C5 /* Default-568h@2x.png */,
			);
			name = "Supporting Files";
			sourceTree = "<group>";
		};
		5CF99401171DCAA50006361F /* white */ = {
			isa = PBXGroup;
			children = (
				5CF99414171DD86A0006361F /* glyph.png */,
				5CF99410171DD13E0006361F /* martini.png */,
				5CF99411171DD13E0006361F /* martini@2x.png */,
				5CF9940C171DCF6F0006361F /* gear.png */,
				5CF9940D171DCF6F0006361F /* gear@2x.png */,
				5CF9940A171DCEFD0006361F /* blank.png */,
				5CF99406171DCB2F0006361F /* white-menu-bar.png */,
				5CF99407171DCB2F0006361F /* white-menu-bar@2x.png */,
				5CF9941A171DD8BB0006361F /* arrow-west.png */,
				5CF9941B171DD8BB0006361F /* arrow-west@2x.png */,
			);
			name = white;
			sourceTree = "<group>";
		};
/* End PBXGroup section */

/* Begin PBXNativeTarget section */
		5CCF09BB165B044A005035C5 /* Cocktail Book */ = {
			isa = PBXNativeTarget;
			buildConfigurationList = 5CCF09E0165B044A005035C5 /* Build configuration list for PBXNativeTarget "Cocktail Book" */;
			buildPhases = (
				C9287D544AF5457FB0809E49 /* Check Pods Manifest.lock */,
				5CCF09B8165B044A005035C5 /* Sources */,
				5CCF09B9165B044A005035C5 /* Frameworks */,
				5CCF09BA165B044A005035C5 /* Resources */,
				2F8043808039415BAFD272F7 /* Copy Pods Resources */,
			);
			buildRules = (
			);
			dependencies = (
			);
			name = "Cocktail Book";
			productName = "Cocktail Book";
			productReference = 5CCF09BC165B044A005035C5 /* Cocktail Book.app */;
			productType = "com.apple.product-type.application";
		};
/* End PBXNativeTarget section */

/* Begin PBXProject section */
		5CCF09B3165B044A005035C5 /* Project object */ = {
			isa = PBXProject;
			attributes = {
				CLASSPREFIX = CocktailBook;
				LastUpgradeCheck = 0450;
				ORGANIZATIONNAME = "Ruaridh Sinclair Thomson";
			};
			buildConfigurationList = 5CCF09B6165B044A005035C5 /* Build configuration list for PBXProject "Cocktail Book" */;
			compatibilityVersion = "Xcode 3.2";
			developmentRegion = English;
			hasScannedForEncodings = 0;
			knownRegions = (
				en,
			);
			mainGroup = 5CCF09B1165B044A005035C5;
			productRefGroup = 5CCF09BD165B044A005035C5 /* Products */;
			projectDirPath = "";
			projectRoot = "";
			targets = (
				5CCF09BB165B044A005035C5 /* Cocktail Book */,
			);
		};
/* End PBXProject section */

/* Begin PBXResourcesBuildPhase section */
		5CCF09BA165B044A005035C5 /* Resources */ = {
			isa = PBXResourcesBuildPhase;
			buildActionMask = 2147483647;
			files = (
				5CCF09CB165B044A005035C5 /* InfoPlist.strings in Resources */,
				5CCF09D3165B044A005035C5 /* Default.png in Resources */,
				5CCF09D5165B044A005035C5 /* Default@2x.png in Resources */,
				5CCF09D7165B044A005035C5 /* Default-568h@2x.png in Resources */,
				5CCF09DD165B044A005035C5 /* CocktailBookViewController.xib in Resources */,
				5C7C4664165D36600018FFEE /* cocktails.xml in Resources */,
				5C20A3F317030349009FB492 /* CocktailIngredients.xib in Resources */,
				5C20A3F51703035A009FB492 /* CocktailMethod.xib in Resources */,
				5C20A3F717030361009FB492 /* CocktailSimilar.xib in Resources */,
				5C253D4C171B46EE00C0CE7A /* heart.png in Resources */,
				5C253D4D171B46EE00C0CE7A /* heart@2x.png in Resources */,
				5C253D50171B4A2400C0CE7A /* heart-red.png in Resources */,
				5C253D51171B4A2400C0CE7A /* heart-red@2x.png in Resources */,
				5C4298CB171C80050096A07E /* CBCocktailListViewController.xib in Resources */,
				5CC4D2C2171C8BC4004C5A3F /* CBLeftPanelViewController.xib in Resources */,
				5CC4D2C6171C938C004C5A3F /* CBAboutViewController.xib in Resources */,
				5CC4D2E5171C9A9C004C5A3F /* 10-dark-back-button.png in Resources */,
				5CC4D2E6171C9A9C004C5A3F /* 10-dark-back-button@2x.png in Resources */,
				5CC4D2E7171C9A9C004C5A3F /* 10-dark-background.jpg in Resources */,
				5CC4D2E8171C9A9C004C5A3F /* 10-dark-background@2x.jpg in Resources */,
				5CC4D2E9171C9A9C004C5A3F /* 10-dark-menu-bar.png in Resources */,
				5CC4D2EA171C9A9C004C5A3F /* 10-dark-menu-bar@2x.png in Resources */,
				5CC4D2EB171C9A9C004C5A3F /* 10-dark-settings-button.png in Resources */,
				5CC4D2EC171C9A9C004C5A3F /* 10-dark-settings-button@2x.png in Resources */,
				5CC4D2ED171C9A9C004C5A3F /* 10-light-back-button.png in Resources */,
				5CC4D2EE171C9A9C004C5A3F /* 10-light-back-button@2x.png in Resources */,
				5CC4D2EF171C9A9C004C5A3F /* 10-light-background.jpg in Resources */,
				5CC4D2F0171C9A9C004C5A3F /* 10-light-background@2x.jpg in Resources */,
				5CC4D2F1171C9A9C004C5A3F /* 10-light-menu-bar.png in Resources */,
				5CC4D2F2171C9A9C004C5A3F /* 10-light-menu-bar@2x.png in Resources */,
				5CC4D2F3171C9A9C004C5A3F /* 10-light-settings-button.png in Resources */,
				5CC4D2F4171C9A9C004C5A3F /* 10-light-settings-button@2x.png in Resources */,
				5CC4D2F5171C9A9C004C5A3F /* 10-medium-back-button.png in Resources */,
				5CC4D2F6171C9A9C004C5A3F /* 10-medium-back-button@2x.png in Resources */,
				5CC4D2F7171C9A9C004C5A3F /* 10-medium-background.jpg in Resources */,
				5CC4D2F8171C9A9C004C5A3F /* 10-medium-background@2x.jpg in Resources */,
				5CC4D2F9171C9A9C004C5A3F /* 10-medium-menu-bar.png in Resources */,
				5CC4D2FA171C9A9C004C5A3F /* 10-medium-menu-bar@2x.png in Resources */,
				5CC4D2FB171C9A9C004C5A3F /* 10-medium-settings-button.png in Resources */,
				5CC4D2FC171C9A9C004C5A3F /* 10-medium-settings-button@2x.png in Resources */,
				5CF993F1171D92E20006361F /* Bernhard Modern.ttf in Resources */,
				5CF993F3171DA6BB0006361F /* CBCocktailListTableViewCell.xib in Resources */,
				5CF99408171DCB2F0006361F /* white-menu-bar.png in Resources */,
				5CF99409171DCB2F0006361F /* white-menu-bar@2x.png in Resources */,
				5CF9940B171DCEFD0006361F /* blank.png in Resources */,
				5CF9940E171DCF6F0006361F /* gear.png in Resources */,
				5CF9940F171DCF6F0006361F /* gear@2x.png in Resources */,
				5CF99412171DD13E0006361F /* martini.png in Resources */,
				5CF99413171DD13E0006361F /* martini@2x.png in Resources */,
				5CF99417171DD86A0006361F /* glyph.png in Resources */,
				5CF9941C171DD8BB0006361F /* arrow-west.png in Resources */,
				5CF9941D171DD8BB0006361F /* arrow-west@2x.png in Resources */,
			);
			runOnlyForDeploymentPostprocessing = 0;
		};
/* End PBXResourcesBuildPhase section */

/* Begin PBXShellScriptBuildPhase section */
		2F8043808039415BAFD272F7 /* Copy Pods Resources */ = {
			isa = PBXShellScriptBuildPhase;
			buildActionMask = 2147483647;
			files = (
			);
			inputPaths = (
			);
			name = "Copy Pods Resources";
			outputPaths = (
			);
			runOnlyForDeploymentPostprocessing = 0;
			shellPath = /bin/sh;
			shellScript = "\"${SRCROOT}/Pods/Pods-resources.sh\"\n";
		};
		C9287D544AF5457FB0809E49 /* Check Pods Manifest.lock */ = {
			isa = PBXShellScriptBuildPhase;
			buildActionMask = 2147483647;
			files = (
			);
			inputPaths = (
			);
			name = "Check Pods Manifest.lock";
			outputPaths = (
			);
			runOnlyForDeploymentPostprocessing = 0;
			shellPath = /bin/sh;
			shellScript = "diff \"${PODS_ROOT}/../Podfile.lock\" \"${PODS_ROOT}/Manifest.lock\" > /dev/null\nif [[ $? != 0 ]] ; then\n    cat << EOM\nerror: The sanbox is not in sync with the Podfile.lock. Run 'pod install'.\nEOM\n    exit 1\nfi\n";
		};
/* End PBXShellScriptBuildPhase section */

/* Begin PBXSourcesBuildPhase section */
		5CCF09B8165B044A005035C5 /* Sources */ = {
			isa = PBXSourcesBuildPhase;
			buildActionMask = 2147483647;
			files = (
				5CCF09CD165B044A005035C5 /* main.m in Sources */,
				5CCF09D1165B044A005035C5 /* CocktailBookAppDelegate.m in Sources */,
				5CCF0A00165B9B72005035C5 /* CBCocktailViewController.m in Sources */,
				5CCF0A03165B9B72005035C5 /* CBCocktail.m in Sources */,
				5C20A3FA170303F8009FB492 /* CBCocktailIngredientsController.m in Sources */,
				5C20A400170312A7009FB492 /* CBCocktailMethodController.m in Sources */,
				5C20A403170312BA009FB492 /* CBCocktailSimilarController.m in Sources */,
				5CCC499E171C0BD700CC3A17 /* CBCategoryTableViewDataSource.m in Sources */,
				5C4298C6171C55500096A07E /* CBAboutViewController.m in Sources */,
				5C4298CA171C80050096A07E /* CBCocktailListViewController.m in Sources */,
				5CC4D2C1171C8BC4004C5A3F /* CBLeftPanelViewController.m in Sources */,
				5CF993F6171DAAD90006361F /* CBCocktailListCell.m in Sources */,
			);
			runOnlyForDeploymentPostprocessing = 0;
		};
/* End PBXSourcesBuildPhase section */

/* Begin PBXVariantGroup section */
		5CCF09C9165B044A005035C5 /* InfoPlist.strings */ = {
			isa = PBXVariantGroup;
			children = (
				5CCF09CA165B044A005035C5 /* en */,
			);
			name = InfoPlist.strings;
			sourceTree = "<group>";
		};
		5CCF09DB165B044A005035C5 /* CocktailBookViewController.xib */ = {
			isa = PBXVariantGroup;
			children = (
				5CCF09DC165B044A005035C5 /* en */,
			);
			name = CocktailBookViewController.xib;
			sourceTree = "<group>";
		};
/* End PBXVariantGroup section */

/* Begin XCBuildConfiguration section */
		5CCF09DE165B044A005035C5 /* Debug */ = {
			isa = XCBuildConfiguration;
			buildSettings = {
				ALWAYS_SEARCH_USER_PATHS = NO;
				CLANG_CXX_LANGUAGE_STANDARD = "gnu++0x";
				CLANG_CXX_LIBRARY = "libc++";
				CLANG_ENABLE_OBJC_ARC = YES;
				CLANG_WARN_EMPTY_BODY = YES;
				CLANG_WARN__DUPLICATE_METHOD_MATCH = YES;
				"CODE_SIGN_IDENTITY[sdk=iphoneos*]" = "iPhone Developer";
				COPY_PHASE_STRIP = NO;
				GCC_C_LANGUAGE_STANDARD = gnu99;
				GCC_DYNAMIC_NO_PIC = NO;
				GCC_OPTIMIZATION_LEVEL = 0;
				GCC_PREPROCESSOR_DEFINITIONS = (
					"DEBUG=1",
					"$(inherited)",
				);
				GCC_SYMBOLS_PRIVATE_EXTERN = NO;
				GCC_WARN_ABOUT_RETURN_TYPE = YES;
				GCC_WARN_UNINITIALIZED_AUTOS = YES;
				GCC_WARN_UNUSED_VARIABLE = YES;
				IPHONEOS_DEPLOYMENT_TARGET = 6.0;
				ONLY_ACTIVE_ARCH = YES;
				SDKROOT = iphoneos;
			};
			name = Debug;
		};
		5CCF09DF165B044A005035C5 /* Release */ = {
			isa = XCBuildConfiguration;
			buildSettings = {
				ALWAYS_SEARCH_USER_PATHS = NO;
				CLANG_CXX_LANGUAGE_STANDARD = "gnu++0x";
				CLANG_CXX_LIBRARY = "libc++";
				CLANG_ENABLE_OBJC_ARC = YES;
				CLANG_WARN_EMPTY_BODY = YES;
				CLANG_WARN__DUPLICATE_METHOD_MATCH = YES;
				"CODE_SIGN_IDENTITY[sdk=iphoneos*]" = "iPhone Developer";
				COPY_PHASE_STRIP = YES;
				GCC_C_LANGUAGE_STANDARD = gnu99;
				GCC_WARN_ABOUT_RETURN_TYPE = YES;
				GCC_WARN_UNINITIALIZED_AUTOS = YES;
				GCC_WARN_UNUSED_VARIABLE = YES;
				IPHONEOS_DEPLOYMENT_TARGET = 6.0;
				OTHER_CFLAGS = "-DNS_BLOCK_ASSERTIONS=1";
				SDKROOT = iphoneos;
				VALIDATE_PRODUCT = YES;
			};
			name = Release;
		};
		5CCF09E1165B044A005035C5 /* Debug */ = {
			isa = XCBuildConfiguration;
			baseConfigurationReference = 1D149F19CEA840E9BFDAD4C6 /* Pods.xcconfig */;
			buildSettings = {
				GCC_PRECOMPILE_PREFIX_HEADER = YES;
				GCC_PREFIX_HEADER = "Cocktail Book/Cocktail Book-Prefix.pch";
				INFOPLIST_FILE = "Cocktail Book/Cocktail Book-Info.plist";
				IPHONEOS_DEPLOYMENT_TARGET = 6.1;
				PRODUCT_NAME = "$(TARGET_NAME)";
				WRAPPER_EXTENSION = app;
			};
			name = Debug;
		};
		5CCF09E2165B044A005035C5 /* Release */ = {
			isa = XCBuildConfiguration;
			baseConfigurationReference = 1D149F19CEA840E9BFDAD4C6 /* Pods.xcconfig */;
			buildSettings = {
				GCC_PRECOMPILE_PREFIX_HEADER = YES;
				GCC_PREFIX_HEADER = "Cocktail Book/Cocktail Book-Prefix.pch";
				INFOPLIST_FILE = "Cocktail Book/Cocktail Book-Info.plist";
				IPHONEOS_DEPLOYMENT_TARGET = 6.1;
				PRODUCT_NAME = "$(TARGET_NAME)";
				WRAPPER_EXTENSION = app;
			};
			name = Release;
		};
/* End XCBuildConfiguration section */

/* Begin XCConfigurationList section */
		5CCF09B6165B044A005035C5 /* Build configuration list for PBXProject "Cocktail Book" */ = {
			isa = XCConfigurationList;
			buildConfigurations = (
				5CCF09DE165B044A005035C5 /* Debug */,
				5CCF09DF165B044A005035C5 /* Release */,
			);
			defaultConfigurationIsVisible = 0;
			defaultConfigurationName = Release;
		};
		5CCF09E0165B044A005035C5 /* Build configuration list for PBXNativeTarget "Cocktail Book" */ = {
			isa = XCConfigurationList;
			buildConfigurations = (
				5CCF09E1165B044A005035C5 /* Debug */,
				5CCF09E2165B044A005035C5 /* Release */,
			);
			defaultConfigurationIsVisible = 0;
			defaultConfigurationName = Release;
		};
/* End XCConfigurationList section */
	};
	rootObject = 5CCF09B3165B044A005035C5 /* Project object */;
}
