// !$*UTF8*$!
{
	archiveVersion = 1;
	classes = {
	};
	objectVersion = 46;
	objects = {

/* Begin PBXBuildFile section */
		5C20A3F317030349009FB492 /* CocktailIngredients.xib in Resources */ = {isa = PBXBuildFile; fileRef = 5C20A3F217030349009FB492 /* CocktailIngredients.xib */; };
		5C20A3F51703035A009FB492 /* CocktailMethod.xib in Resources */ = {isa = PBXBuildFile; fileRef = 5C20A3F41703035A009FB492 /* CocktailMethod.xib */; };
		5C20A3F717030361009FB492 /* CocktailSimilar.xib in Resources */ = {isa = PBXBuildFile; fileRef = 5C20A3F617030361009FB492 /* CocktailSimilar.xib */; };
		5C20A3FA170303F8009FB492 /* CBCocktailIngredientsController.m in Sources */ = {isa = PBXBuildFile; fileRef = 5C20A3F9170303F8009FB492 /* CBCocktailIngredientsController.m */; };
		5C20A400170312A7009FB492 /* CBCocktailMethodController.m in Sources */ = {isa = PBXBuildFile; fileRef = 5C20A3FF170312A7009FB492 /* CBCocktailMethodController.m */; };
		5C20A403170312BA009FB492 /* CBCocktailSimilarController.m in Sources */ = {isa = PBXBuildFile; fileRef = 5C20A402170312BA009FB492 /* CBCocktailSimilarController.m */; };
		5C4AF21F16640E4500161290 /* navbar_leather_full.png in Resources */ = {isa = PBXBuildFile; fileRef = 5C4AF21D16640E4500161290 /* navbar_leather_full.png */; };
		5C4AF22016640E4500161290 /* navbar_leather_full@x2.png in Resources */ = {isa = PBXBuildFile; fileRef = 5C4AF21E16640E4500161290 /* navbar_leather_full@x2.png */; };
		5C6A61A61661003700A6DCFC /* tabbar_bg@2x.png in Resources */ = {isa = PBXBuildFile; fileRef = 5C6A61A51661003700A6DCFC /* tabbar_bg@2x.png */; };
		5C6A61AA16627F1000A6DCFC /* tabbar_bg.png in Resources */ = {isa = PBXBuildFile; fileRef = 5C6A61A916627F1000A6DCFC /* tabbar_bg.png */; };
		5C6A61B51663A4E000A6DCFC /* tabbar_leather_full_2.png in Resources */ = {isa = PBXBuildFile; fileRef = 5C6A61B31663A4E000A6DCFC /* tabbar_leather_full_2.png */; };
		5C6A61B61663A4E000A6DCFC /* tabbar_leather_full_2@x2.png in Resources */ = {isa = PBXBuildFile; fileRef = 5C6A61B41663A4E000A6DCFC /* tabbar_leather_full_2@x2.png */; };
		5C7C4660165D01B70018FFEE /* FavouritesViewController.m in Sources */ = {isa = PBXBuildFile; fileRef = 5C7C465F165D01B70018FFEE /* FavouritesViewController.m */; };
		5C7C4664165D36600018FFEE /* cocktails.xml in Resources */ = {isa = PBXBuildFile; fileRef = 5C7C4663165D36600018FFEE /* cocktails.xml */; };
		5CCF09C1165B044A005035C5 /* UIKit.framework in Frameworks */ = {isa = PBXBuildFile; fileRef = 5CCF09C0165B044A005035C5 /* UIKit.framework */; };
		5CCF09C3165B044A005035C5 /* Foundation.framework in Frameworks */ = {isa = PBXBuildFile; fileRef = 5CCF09C2165B044A005035C5 /* Foundation.framework */; };
		5CCF09C5165B044A005035C5 /* CoreGraphics.framework in Frameworks */ = {isa = PBXBuildFile; fileRef = 5CCF09C4165B044A005035C5 /* CoreGraphics.framework */; };
		5CCF09CB165B044A005035C5 /* InfoPlist.strings in Resources */ = {isa = PBXBuildFile; fileRef = 5CCF09C9165B044A005035C5 /* InfoPlist.strings */; };
		5CCF09CD165B044A005035C5 /* main.m in Sources */ = {isa = PBXBuildFile; fileRef = 5CCF09CC165B044A005035C5 /* main.m */; };
		5CCF09D1165B044A005035C5 /* CocktailBookAppDelegate.m in Sources */ = {isa = PBXBuildFile; fileRef = 5CCF09D0165B044A005035C5 /* CocktailBookAppDelegate.m */; };
		5CCF09D3165B044A005035C5 /* Default.png in Resources */ = {isa = PBXBuildFile; fileRef = 5CCF09D2165B044A005035C5 /* Default.png */; };
		5CCF09D5165B044A005035C5 /* Default@2x.png in Resources */ = {isa = PBXBuildFile; fileRef = 5CCF09D4165B044A005035C5 /* Default@2x.png */; };
		5CCF09D7165B044A005035C5 /* Default-568h@2x.png in Resources */ = {isa = PBXBuildFile; fileRef = 5CCF09D6165B044A005035C5 /* Default-568h@2x.png */; };
		5CCF09DD165B044A005035C5 /* CocktailBookViewController.xib in Resources */ = {isa = PBXBuildFile; fileRef = 5CCF09DB165B044A005035C5 /* CocktailBookViewController.xib */; };
		5CCF0A00165B9B72005035C5 /* CBCocktailViewController.m in Sources */ = {isa = PBXBuildFile; fileRef = 5CCF09F9165B9B71005035C5 /* CBCocktailViewController.m */; };
		5CCF0A01165B9B72005035C5 /* CBCategoriesViewController.m in Sources */ = {isa = PBXBuildFile; fileRef = 5CCF09FB165B9B72005035C5 /* CBCategoriesViewController.m */; };
		5CCF0A03165B9B72005035C5 /* CBCocktail.m in Sources */ = {isa = PBXBuildFile; fileRef = 5CCF09FE165B9B72005035C5 /* CBCocktail.m */; };
		5CCF0A12165BDE0A005035C5 /* CocktailListViewController.m in Sources */ = {isa = PBXBuildFile; fileRef = 5CCF0A11165BDE0A005035C5 /* CocktailListViewController.m */; };
/* End PBXBuildFile section */

/* Begin PBXFileReference section */
		5C20A3F217030349009FB492 /* CocktailIngredients.xib */ = {isa = PBXFileReference; fileEncoding = 4; lastKnownFileType = file.xib; path = CocktailIngredients.xib; sourceTree = "<group>"; };
		5C20A3F41703035A009FB492 /* CocktailMethod.xib */ = {isa = PBXFileReference; fileEncoding = 4; lastKnownFileType = file.xib; path = CocktailMethod.xib; sourceTree = "<group>"; };
		5C20A3F617030361009FB492 /* CocktailSimilar.xib */ = {isa = PBXFileReference; fileEncoding = 4; lastKnownFileType = file.xib; path = CocktailSimilar.xib; sourceTree = "<group>"; };
		5C20A3F8170303F8009FB492 /* CBCocktailIngredientsController.h */ = {isa = PBXFileReference; fileEncoding = 4; lastKnownFileType = sourcecode.c.h; path = CBCocktailIngredientsController.h; sourceTree = "<group>"; };
		5C20A3F9170303F8009FB492 /* CBCocktailIngredientsController.m */ = {isa = PBXFileReference; fileEncoding = 4; lastKnownFileType = sourcecode.c.objc; path = CBCocktailIngredientsController.m; sourceTree = "<group>"; };
		5C20A3FE170312A7009FB492 /* CBCocktailMethodController.h */ = {isa = PBXFileReference; fileEncoding = 4; lastKnownFileType = sourcecode.c.h; path = CBCocktailMethodController.h; sourceTree = "<group>"; };
		5C20A3FF170312A7009FB492 /* CBCocktailMethodController.m */ = {isa = PBXFileReference; fileEncoding = 4; lastKnownFileType = sourcecode.c.objc; path = CBCocktailMethodController.m; sourceTree = "<group>"; };
		5C20A401170312BA009FB492 /* CBCocktailSimilarController.h */ = {isa = PBXFileReference; fileEncoding = 4; lastKnownFileType = sourcecode.c.h; path = CBCocktailSimilarController.h; sourceTree = "<group>"; };
		5C20A402170312BA009FB492 /* CBCocktailSimilarController.m */ = {isa = PBXFileReference; fileEncoding = 4; lastKnownFileType = sourcecode.c.objc; path = CBCocktailSimilarController.m; sourceTree = "<group>"; };
		5C4AF21D16640E4500161290 /* navbar_leather_full.png */ = {isa = PBXFileReference; lastKnownFileType = image.png; path = navbar_leather_full.png; sourceTree = "<group>"; };
		5C4AF21E16640E4500161290 /* navbar_leather_full@x2.png */ = {isa = PBXFileReference; lastKnownFileType = image.png; path = "navbar_leather_full@x2.png"; sourceTree = "<group>"; };
		5C6A61A51661003700A6DCFC /* tabbar_bg@2x.png */ = {isa = PBXFileReference; lastKnownFileType = image.png; path = "tabbar_bg@2x.png"; sourceTree = "<group>"; };
		5C6A61A916627F1000A6DCFC /* tabbar_bg.png */ = {isa = PBXFileReference; lastKnownFileType = image.png; path = tabbar_bg.png; sourceTree = "<group>"; };
		5C6A61B31663A4E000A6DCFC /* tabbar_leather_full_2.png */ = {isa = PBXFileReference; lastKnownFileType = image.png; path = tabbar_leather_full_2.png; sourceTree = "<group>"; };
		5C6A61B41663A4E000A6DCFC /* tabbar_leather_full_2@x2.png */ = {isa = PBXFileReference; lastKnownFileType = image.png; path = "tabbar_leather_full_2@x2.png"; sourceTree = "<group>"; };
		5C7C465E165D01B70018FFEE /* FavouritesViewController.h */ = {isa = PBXFileReference; fileEncoding = 4; lastKnownFileType = sourcecode.c.h; path = FavouritesViewController.h; sourceTree = "<group>"; };
		5C7C465F165D01B70018FFEE /* FavouritesViewController.m */ = {isa = PBXFileReference; fileEncoding = 4; lastKnownFileType = sourcecode.c.objc; path = FavouritesViewController.m; sourceTree = "<group>"; };
		5C7C4663165D36600018FFEE /* cocktails.xml */ = {isa = PBXFileReference; fileEncoding = 4; lastKnownFileType = text.xml; path = cocktails.xml; sourceTree = "<group>"; };
		5CCF09BC165B044A005035C5 /* Cocktail Book.app */ = {isa = PBXFileReference; explicitFileType = wrapper.application; includeInIndex = 0; path = "Cocktail Book.app"; sourceTree = BUILT_PRODUCTS_DIR; };
		5CCF09C0165B044A005035C5 /* UIKit.framework */ = {isa = PBXFileReference; lastKnownFileType = wrapper.framework; name = UIKit.framework; path = System/Library/Frameworks/UIKit.framework; sourceTree = SDKROOT; };
		5CCF09C2165B044A005035C5 /* Foundation.framework */ = {isa = PBXFileReference; lastKnownFileType = wrapper.framework; name = Foundation.framework; path = System/Library/Frameworks/Foundation.framework; sourceTree = SDKROOT; };
		5CCF09C4165B044A005035C5 /* CoreGraphics.framework */ = {isa = PBXFileReference; lastKnownFileType = wrapper.framework; name = CoreGraphics.framework; path = System/Library/Frameworks/CoreGraphics.framework; sourceTree = SDKROOT; };
		5CCF09C8165B044A005035C5 /* Cocktail Book-Info.plist */ = {isa = PBXFileReference; lastKnownFileType = text.plist.xml; path = "Cocktail Book-Info.plist"; sourceTree = "<group>"; };
		5CCF09CA165B044A005035C5 /* en */ = {isa = PBXFileReference; lastKnownFileType = text.plist.strings; name = en; path = en.lproj/InfoPlist.strings; sourceTree = "<group>"; };
		5CCF09CC165B044A005035C5 /* main.m */ = {isa = PBXFileReference; lastKnownFileType = sourcecode.c.objc; path = main.m; sourceTree = "<group>"; };
		5CCF09CE165B044A005035C5 /* Cocktail Book-Prefix.pch */ = {isa = PBXFileReference; lastKnownFileType = sourcecode.c.h; path = "Cocktail Book-Prefix.pch"; sourceTree = "<group>"; };
		5CCF09CF165B044A005035C5 /* CocktailBookAppDelegate.h */ = {isa = PBXFileReference; lastKnownFileType = sourcecode.c.h; path = CocktailBookAppDelegate.h; sourceTree = "<group>"; };
		5CCF09D0165B044A005035C5 /* CocktailBookAppDelegate.m */ = {isa = PBXFileReference; lastKnownFileType = sourcecode.c.objc; path = CocktailBookAppDelegate.m; sourceTree = "<group>"; };
		5CCF09D2165B044A005035C5 /* Default.png */ = {isa = PBXFileReference; lastKnownFileType = image.png; path = Default.png; sourceTree = "<group>"; };
		5CCF09D4165B044A005035C5 /* Default@2x.png */ = {isa = PBXFileReference; lastKnownFileType = image.png; path = "Default@2x.png"; sourceTree = "<group>"; };
		5CCF09D6165B044A005035C5 /* Default-568h@2x.png */ = {isa = PBXFileReference; lastKnownFileType = image.png; path = "Default-568h@2x.png"; sourceTree = "<group>"; };
		5CCF09DC165B044A005035C5 /* en */ = {isa = PBXFileReference; lastKnownFileType = file.xib; name = en; path = en.lproj/CocktailBookViewController.xib; sourceTree = "<group>"; };
		5CCF09F8165B9B71005035C5 /* CBCocktailViewController.h */ = {isa = PBXFileReference; fileEncoding = 4; lastKnownFileType = sourcecode.c.h; path = CBCocktailViewController.h; sourceTree = "<group>"; };
		5CCF09F9165B9B71005035C5 /* CBCocktailViewController.m */ = {isa = PBXFileReference; fileEncoding = 4; lastKnownFileType = sourcecode.c.objc; path = CBCocktailViewController.m; sourceTree = "<group>"; };
		5CCF09FA165B9B71005035C5 /* CBCategoriesViewController.h */ = {isa = PBXFileReference; fileEncoding = 4; lastKnownFileType = sourcecode.c.h; path = CBCategoriesViewController.h; sourceTree = "<group>"; };
		5CCF09FB165B9B72005035C5 /* CBCategoriesViewController.m */ = {isa = PBXFileReference; fileEncoding = 4; lastKnownFileType = sourcecode.c.objc; path = CBCategoriesViewController.m; sourceTree = "<group>"; };
		5CCF09FD165B9B72005035C5 /* CBCocktail.h */ = {isa = PBXFileReference; fileEncoding = 4; lastKnownFileType = sourcecode.c.h; path = CBCocktail.h; sourceTree = "<group>"; };
		5CCF09FE165B9B72005035C5 /* CBCocktail.m */ = {isa = PBXFileReference; fileEncoding = 4; lastKnownFileType = sourcecode.c.objc; path = CBCocktail.m; sourceTree = "<group>"; };
		5CCF0A10165BDE0A005035C5 /* CocktailListViewController.h */ = {isa = PBXFileReference; fileEncoding = 4; lastKnownFileType = sourcecode.c.h; path = CocktailListViewController.h; sourceTree = "<group>"; };
		5CCF0A11165BDE0A005035C5 /* CocktailListViewController.m */ = {isa = PBXFileReference; fileEncoding = 4; lastKnownFileType = sourcecode.c.objc; path = CocktailListViewController.m; sourceTree = "<group>"; };
/* End PBXFileReference section */

/* Begin PBXFrameworksBuildPhase section */
		5CCF09B9165B044A005035C5 /* Frameworks */ = {
			isa = PBXFrameworksBuildPhase;
			buildActionMask = 2147483647;
			files = (
				5CCF09C1165B044A005035C5 /* UIKit.framework in Frameworks */,
				5CCF09C3165B044A005035C5 /* Foundation.framework in Frameworks */,
				5CCF09C5165B044A005035C5 /* CoreGraphics.framework in Frameworks */,
			);
			runOnlyForDeploymentPostprocessing = 0;
		};
/* End PBXFrameworksBuildPhase section */

/* Begin PBXGroup section */
		5C20A3EA17020500009FB492 /* Interface */ = {
			isa = PBXGroup;
			children = (
				5CCF09DB165B044A005035C5 /* CocktailBookViewController.xib */,
				5C20A3F217030349009FB492 /* CocktailIngredients.xib */,
				5C20A3F41703035A009FB492 /* CocktailMethod.xib */,
				5C20A3F617030361009FB492 /* CocktailSimilar.xib */,
			);
			name = Interface;
			sourceTree = "<group>";
		};
		5C20A3FB1703044F009FB492 /* Cocktail View Controllers */ = {
			isa = PBXGroup;
			children = (
				5C20A3F8170303F8009FB492 /* CBCocktailIngredientsController.h */,
				5C20A3F9170303F8009FB492 /* CBCocktailIngredientsController.m */,
				5C20A3FE170312A7009FB492 /* CBCocktailMethodController.h */,
				5C20A3FF170312A7009FB492 /* CBCocktailMethodController.m */,
				5C20A401170312BA009FB492 /* CBCocktailSimilarController.h */,
				5C20A402170312BA009FB492 /* CBCocktailSimilarController.m */,
			);
			name = "Cocktail View Controllers";
			sourceTree = "<group>";
		};
		5C6A61A8166107BC00A6DCFC /* UIImages */ = {
			isa = PBXGroup;
			children = (
				5C6A61A916627F1000A6DCFC /* tabbar_bg.png */,
				5C6A61A51661003700A6DCFC /* tabbar_bg@2x.png */,
				5C6A61B31663A4E000A6DCFC /* tabbar_leather_full_2.png */,
				5C6A61B41663A4E000A6DCFC /* tabbar_leather_full_2@x2.png */,
				5C4AF21D16640E4500161290 /* navbar_leather_full.png */,
				5C4AF21E16640E4500161290 /* navbar_leather_full@x2.png */,
			);
			name = UIImages;
			sourceTree = "<group>";
		};
		5CCF09B1165B044A005035C5 = {
			isa = PBXGroup;
			children = (
				5CCF09C6165B044A005035C5 /* Cocktail Book */,
				5CCF09BF165B044A005035C5 /* Frameworks */,
				5CCF09BD165B044A005035C5 /* Products */,
			);
			sourceTree = "<group>";
		};
		5CCF09BD165B044A005035C5 /* Products */ = {
			isa = PBXGroup;
			children = (
				5CCF09BC165B044A005035C5 /* Cocktail Book.app */,
			);
			name = Products;
			sourceTree = "<group>";
		};
		5CCF09BF165B044A005035C5 /* Frameworks */ = {
			isa = PBXGroup;
			children = (
				5CCF09C0165B044A005035C5 /* UIKit.framework */,
				5CCF09C2165B044A005035C5 /* Foundation.framework */,
				5CCF09C4165B044A005035C5 /* CoreGraphics.framework */,
			);
			name = Frameworks;
			sourceTree = "<group>";
		};
		5CCF09C6165B044A005035C5 /* Cocktail Book */ = {
			isa = PBXGroup;
			children = (
				5C20A3EA17020500009FB492 /* Interface */,
				5CCF09CF165B044A005035C5 /* CocktailBookAppDelegate.h */,
				5CCF09D0165B044A005035C5 /* CocktailBookAppDelegate.m */,
				5CCF0A10165BDE0A005035C5 /* CocktailListViewController.h */,
				5CCF0A11165BDE0A005035C5 /* CocktailListViewController.m */,
				5CCF09F8165B9B71005035C5 /* CBCocktailViewController.h */,
				5CCF09F9165B9B71005035C5 /* CBCocktailViewController.m */,
				5C20A3FB1703044F009FB492 /* Cocktail View Controllers */,
				5CCF09FD165B9B72005035C5 /* CBCocktail.h */,
				5CCF09FE165B9B72005035C5 /* CBCocktail.m */,
				5CCF09FA165B9B71005035C5 /* CBCategoriesViewController.h */,
				5CCF09FB165B9B72005035C5 /* CBCategoriesViewController.m */,
				5C7C465E165D01B70018FFEE /* FavouritesViewController.h */,
				5C7C465F165D01B70018FFEE /* FavouritesViewController.m */,
				5C6A61A8166107BC00A6DCFC /* UIImages */,
				5CCF09C7165B044A005035C5 /* Supporting Files */,
			);
			path = "Cocktail Book";
			sourceTree = "<group>";
		};
		5CCF09C7165B044A005035C5 /* Supporting Files */ = {
			isa = PBXGroup;
			children = (
				5C7C4663165D36600018FFEE /* cocktails.xml */,
				5CCF09C8165B044A005035C5 /* Cocktail Book-Info.plist */,
				5CCF09C9165B044A005035C5 /* InfoPlist.strings */,
				5CCF09CC165B044A005035C5 /* main.m */,
				5CCF09CE165B044A005035C5 /* Cocktail Book-Prefix.pch */,
				5CCF09D2165B044A005035C5 /* Default.png */,
				5CCF09D4165B044A005035C5 /* Default@2x.png */,
				5CCF09D6165B044A005035C5 /* Default-568h@2x.png */,
			);
			name = "Supporting Files";
			sourceTree = "<group>";
		};
/* End PBXGroup section */

/* Begin PBXNativeTarget section */
		5CCF09BB165B044A005035C5 /* Cocktail Book */ = {
			isa = PBXNativeTarget;
			buildConfigurationList = 5CCF09E0165B044A005035C5 /* Build configuration list for PBXNativeTarget "Cocktail Book" */;
			buildPhases = (
				5CCF09B8165B044A005035C5 /* Sources */,
				5CCF09B9165B044A005035C5 /* Frameworks */,
				5CCF09BA165B044A005035C5 /* Resources */,
			);
			buildRules = (
			);
			dependencies = (
			);
			name = "Cocktail Book";
			productName = "Cocktail Book";
			productReference = 5CCF09BC165B044A005035C5 /* Cocktail Book.app */;
			productType = "com.apple.product-type.application";
		};
/* End PBXNativeTarget section */

/* Begin PBXProject section */
		5CCF09B3165B044A005035C5 /* Project object */ = {
			isa = PBXProject;
			attributes = {
				CLASSPREFIX = CocktailBook;
				LastUpgradeCheck = 0450;
				ORGANIZATIONNAME = "Ruaridh Sinclair Thomson";
			};
			buildConfigurationList = 5CCF09B6165B044A005035C5 /* Build configuration list for PBXProject "Cocktail Book" */;
			compatibilityVersion = "Xcode 3.2";
			developmentRegion = English;
			hasScannedForEncodings = 0;
			knownRegions = (
				en,
			);
			mainGroup = 5CCF09B1165B044A005035C5;
			productRefGroup = 5CCF09BD165B044A005035C5 /* Products */;
			projectDirPath = "";
			projectRoot = "";
			targets = (
				5CCF09BB165B044A005035C5 /* Cocktail Book */,
			);
		};
/* End PBXProject section */

/* Begin PBXResourcesBuildPhase section */
		5CCF09BA165B044A005035C5 /* Resources */ = {
			isa = PBXResourcesBuildPhase;
			buildActionMask = 2147483647;
			files = (
				5CCF09CB165B044A005035C5 /* InfoPlist.strings in Resources */,
				5CCF09D3165B044A005035C5 /* Default.png in Resources */,
				5CCF09D5165B044A005035C5 /* Default@2x.png in Resources */,
				5CCF09D7165B044A005035C5 /* Default-568h@2x.png in Resources */,
				5CCF09DD165B044A005035C5 /* CocktailBookViewController.xib in Resources */,
				5C7C4664165D36600018FFEE /* cocktails.xml in Resources */,
				5C6A61A61661003700A6DCFC /* tabbar_bg@2x.png in Resources */,
				5C6A61AA16627F1000A6DCFC /* tabbar_bg.png in Resources */,
				5C6A61B51663A4E000A6DCFC /* tabbar_leather_full_2.png in Resources */,
				5C6A61B61663A4E000A6DCFC /* tabbar_leather_full_2@x2.png in Resources */,
				5C4AF21F16640E4500161290 /* navbar_leather_full.png in Resources */,
				5C4AF22016640E4500161290 /* navbar_leather_full@x2.png in Resources */,
				5C20A3F317030349009FB492 /* CocktailIngredients.xib in Resources */,
				5C20A3F51703035A009FB492 /* CocktailMethod.xib in Resources */,
				5C20A3F717030361009FB492 /* CocktailSimilar.xib in Resources */,
			);
			runOnlyForDeploymentPostprocessing = 0;
		};
/* End PBXResourcesBuildPhase section */

/* Begin PBXSourcesBuildPhase section */
		5CCF09B8165B044A005035C5 /* Sources */ = {
			isa = PBXSourcesBuildPhase;
			buildActionMask = 2147483647;
			files = (
				5CCF09CD165B044A005035C5 /* main.m in Sources */,
				5CCF09D1165B044A005035C5 /* CocktailBookAppDelegate.m in Sources */,
				5CCF0A00165B9B72005035C5 /* CBCocktailViewController.m in Sources */,
				5CCF0A01165B9B72005035C5 /* CBCategoriesViewController.m in Sources */,
				5CCF0A03165B9B72005035C5 /* CBCocktail.m in Sources */,
				5CCF0A12165BDE0A005035C5 /* CocktailListViewController.m in Sources */,
				5C7C4660165D01B70018FFEE /* FavouritesViewController.m in Sources */,
				5C20A3FA170303F8009FB492 /* CBCocktailIngredientsController.m in Sources */,
				5C20A400170312A7009FB492 /* CBCocktailMethodController.m in Sources */,
				5C20A403170312BA009FB492 /* CBCocktailSimilarController.m in Sources */,
			);
			runOnlyForDeploymentPostprocessing = 0;
		};
/* End PBXSourcesBuildPhase section */

/* Begin PBXVariantGroup section */
		5CCF09C9165B044A005035C5 /* InfoPlist.strings */ = {
			isa = PBXVariantGroup;
			children = (
				5CCF09CA165B044A005035C5 /* en */,
			);
			name = InfoPlist.strings;
			sourceTree = "<group>";
		};
		5CCF09DB165B044A005035C5 /* CocktailBookViewController.xib */ = {
			isa = PBXVariantGroup;
			children = (
				5CCF09DC165B044A005035C5 /* en */,
			);
			name = CocktailBookViewController.xib;
			sourceTree = "<group>";
		};
/* End PBXVariantGroup section */

/* Begin XCBuildConfiguration section */
		5CCF09DE165B044A005035C5 /* Debug */ = {
			isa = XCBuildConfiguration;
			buildSettings = {
				ALWAYS_SEARCH_USER_PATHS = NO;
				CLANG_CXX_LANGUAGE_STANDARD = "gnu++0x";
				CLANG_CXX_LIBRARY = "libc++";
				CLANG_ENABLE_OBJC_ARC = YES;
				CLANG_WARN_EMPTY_BODY = YES;
				CLANG_WARN__DUPLICATE_METHOD_MATCH = YES;
				"CODE_SIGN_IDENTITY[sdk=iphoneos*]" = "iPhone Developer";
				COPY_PHASE_STRIP = NO;
				GCC_C_LANGUAGE_STANDARD = gnu99;
				GCC_DYNAMIC_NO_PIC = NO;
				GCC_OPTIMIZATION_LEVEL = 0;
				GCC_PREPROCESSOR_DEFINITIONS = (
					"DEBUG=1",
					"$(inherited)",
				);
				GCC_SYMBOLS_PRIVATE_EXTERN = NO;
				GCC_WARN_ABOUT_RETURN_TYPE = YES;
				GCC_WARN_UNINITIALIZED_AUTOS = YES;
				GCC_WARN_UNUSED_VARIABLE = YES;
				IPHONEOS_DEPLOYMENT_TARGET = 6.0;
				ONLY_ACTIVE_ARCH = YES;
				SDKROOT = iphoneos;
			};
			name = Debug;
		};
		5CCF09DF165B044A005035C5 /* Release */ = {
			isa = XCBuildConfiguration;
			buildSettings = {
				ALWAYS_SEARCH_USER_PATHS = NO;
				CLANG_CXX_LANGUAGE_STANDARD = "gnu++0x";
				CLANG_CXX_LIBRARY = "libc++";
				CLANG_ENABLE_OBJC_ARC = YES;
				CLANG_WARN_EMPTY_BODY = YES;
				CLANG_WARN__DUPLICATE_METHOD_MATCH = YES;
				"CODE_SIGN_IDENTITY[sdk=iphoneos*]" = "iPhone Developer";
				COPY_PHASE_STRIP = YES;
				GCC_C_LANGUAGE_STANDARD = gnu99;
				GCC_WARN_ABOUT_RETURN_TYPE = YES;
				GCC_WARN_UNINITIALIZED_AUTOS = YES;
				GCC_WARN_UNUSED_VARIABLE = YES;
				IPHONEOS_DEPLOYMENT_TARGET = 6.0;
				OTHER_CFLAGS = "-DNS_BLOCK_ASSERTIONS=1";
				SDKROOT = iphoneos;
				VALIDATE_PRODUCT = YES;
			};
			name = Release;
		};
		5CCF09E1165B044A005035C5 /* Debug */ = {
			isa = XCBuildConfiguration;
			buildSettings = {
				GCC_PRECOMPILE_PREFIX_HEADER = YES;
				GCC_PREFIX_HEADER = "Cocktail Book/Cocktail Book-Prefix.pch";
				INFOPLIST_FILE = "Cocktail Book/Cocktail Book-Info.plist";
				PRODUCT_NAME = "$(TARGET_NAME)";
				WRAPPER_EXTENSION = app;
			};
			name = Debug;
		};
		5CCF09E2165B044A005035C5 /* Release */ = {
			isa = XCBuildConfiguration;
			buildSettings = {
				GCC_PRECOMPILE_PREFIX_HEADER = YES;
				GCC_PREFIX_HEADER = "Cocktail Book/Cocktail Book-Prefix.pch";
				INFOPLIST_FILE = "Cocktail Book/Cocktail Book-Info.plist";
				PRODUCT_NAME = "$(TARGET_NAME)";
				WRAPPER_EXTENSION = app;
			};
			name = Release;
		};
/* End XCBuildConfiguration section */

/* Begin XCConfigurationList section */
		5CCF09B6165B044A005035C5 /* Build configuration list for PBXProject "Cocktail Book" */ = {
			isa = XCConfigurationList;
			buildConfigurations = (
				5CCF09DE165B044A005035C5 /* Debug */,
				5CCF09DF165B044A005035C5 /* Release */,
			);
			defaultConfigurationIsVisible = 0;
			defaultConfigurationName = Release;
		};
		5CCF09E0165B044A005035C5 /* Build configuration list for PBXNativeTarget "Cocktail Book" */ = {
			isa = XCConfigurationList;
			buildConfigurations = (
				5CCF09E1165B044A005035C5 /* Debug */,
				5CCF09E2165B044A005035C5 /* Release */,
			);
			defaultConfigurationIsVisible = 0;
			defaultConfigurationName = Release;
		};
/* End XCConfigurationList section */
	};
	rootObject = 5CCF09B3165B044A005035C5 /* Project object */;
}
